
Microsoft Visual Studio Solution File, Format Version 12.00
# Visual Studio 15
VisualStudioVersion = 15.0.28307.489
MinimumVisualStudioVersion = 10.0.40219.1
Project("{FAE04EC0-301F-11D3-BF4B-00C04F79EFBC}") = "CrazyflieClient", "CrazyflieClient\CrazyflieClient.csproj", "{3CEFAC6E-4A47-40BF-9D4F-0C32366A6A82}"
	ProjectSection(ProjectDependencies) = postProject
		{AE09371B-281D-4CCE-B03B-A779112316E1} = {AE09371B-281D-4CCE-B03B-A779112316E1}
	EndProjectSection
EndProject
Project("{FAE04EC0-301F-11D3-BF4B-00C04F79EFBC}") = "CrazyflieLib", "CrazyflieLib\CrazyflieLib.csproj", "{AE09371B-281D-4CCE-B03B-A779112316E1}"
EndProject
Global
	GlobalSection(SolutionConfigurationPlatforms) = preSolution
		Debug|Any CPU = Debug|Any CPU
		Release|Any CPU = Release|Any CPU
	EndGlobalSection
	GlobalSection(ProjectConfigurationPlatforms) = postSolution
		{3CEFAC6E-4A47-40BF-9D4F-0C32366A6A82}.Debug|Any CPU.ActiveCfg = Debug|Any CPU
		{3CEFAC6E-4A47-40BF-9D4F-0C32366A6A82}.Debug|Any CPU.Build.0 = Debug|Any CPU
		{3CEFAC6E-4A47-40BF-9D4F-0C32366A6A82}.Release|Any CPU.ActiveCfg = Release|Any CPU
		{3CEFAC6E-4A47-40BF-9D4F-0C32366A6A82}.Release|Any CPU.Build.0 = Release|Any CPU
		{AE09371B-281D-4CCE-B03B-A779112316E1}.Debug|Any CPU.ActiveCfg = Debug|Any CPU
		{AE09371B-281D-4CCE-B03B-A779112316E1}.Debug|Any CPU.Build.0 = Debug|Any CPU
		{AE09371B-281D-4CCE-B03B-A779112316E1}.Release|Any CPU.ActiveCfg = Release|Any CPU
		{AE09371B-281D-4CCE-B03B-A779112316E1}.Release|Any CPU.Build.0 = Release|Any CPU
	EndGlobalSection
	GlobalSection(SolutionProperties) = preSolution
		HideSolutionNode = FALSE
	EndGlobalSection
	GlobalSection(ExtensibilityGlobals) = postSolution
		SolutionGuid = {C2DB2A67-141C-487B-BC0D-3DB10F04B0C5}
	EndGlobalSection
EndGlobal
